{
    "_meta": {
        "hash": {
            "sha256": "292039e404beafbdf60e94bacc3b988d8fc1d13f1600b53c9f79434ef009fcad"
        },
        "pipfile-spec": 6,
        "requires": {
            "python_version": "3.5"
        },
        "sources": [
            {
                "name": "pypi",
                "url": "https://pypi.org/simple",
                "verify_ssl": true
            }
        ]
    },
    "default": {
        "django": {
            "hashes": [
                "sha256:46b868d68e5fd69dd9e05a0a7900df91786097e30b2aa6f065dd7fa3b22f7005",
                "sha256:9c60f4a801bf7c26bd6824c1062550c12c373344116703461c18cc258f8c9320"
            ],
            "index": "pypi",
            "version": "==1.10"
        },
        "djangorestframework": {
            "hashes": [
                "sha256:607865b0bb1598b153793892101d881466bd5a991de12bd6229abb18b1c86136",
                "sha256:63f76cbe1e7d12b94c357d7e54401103b2e52aef0f7c1650d6c820ad708776e5"
            ],
            "index": "pypi",
            "version": "==3.9.0"
        }
    },
    "develop": {}
}
